
Microsoft Visual Studio Solution File, Format Version 12.00
Project("{FAE04EC0-301F-11D3-BF4B-00C04F79EFBC}") = "ZCABot", "ZCABot.csproj", "{457AD7C6-B888-4EB1-82F6-90936A25609C}"
EndProject
Global
	GlobalSection(SolutionConfigurationPlatforms) = preSolution
		Debug|Any CPU = Debug|Any CPU
		Release|Any CPU = Release|Any CPU
	EndGlobalSection
	GlobalSection(ProjectConfigurationPlatforms) = postSolution
		{457AD7C6-B888-4EB1-82F6-90936A25609C}.Debug|Any CPU.ActiveCfg = Debug|Any CPU
		{457AD7C6-B888-4EB1-82F6-90936A25609C}.Debug|Any CPU.Build.0 = Debug|Any CPU
		{457AD7C6-B888-4EB1-82F6-90936A25609C}.Release|Any CPU.ActiveCfg = Release|Any CPU
		{457AD7C6-B888-4EB1-82F6-90936A25609C}.Release|Any CPU.Build.0 = Release|Any CPU
	EndGlobalSection
EndGlobal
